
Microsoft Visual Studio Solution File, Format Version 12.00
# Visual Studio 14
VisualStudioVersion = 14.0.25420.1
MinimumVisualStudioVersion = 10.0.40219.1
Project("{FAE04EC0-301F-11D3-BF4B-00C04F79EFBC}") = "ImageService", "ImageService\ImageService.csproj", "{157B569C-8EEE-4212-80CE-FA585844E50A}"
EndProject
Project("{FAE04EC0-301F-11D3-BF4B-00C04F79EFBC}") = "Infrastructure", "Infrastructure\Infrastructure.csproj", "{F41C49E6-11E8-4BC9-B2A8-B41D8E35219E}"
EndProject
Project("{FAE04EC0-301F-11D3-BF4B-00C04F79EFBC}") = "Logging", "Logging\Logging.csproj", "{F8DC96EB-8715-4094-91B4-F6EEEA83152B}"
EndProject
Project("{FAE04EC0-301F-11D3-BF4B-00C04F79EFBC}") = "ImageServiceGUI", "ImageServiceGUI\ImageServiceGUI.csproj", "{799D142C-D454-4283-A124-B7962744D10E}"
EndProject
Project("{FAE04EC0-301F-11D3-BF4B-00C04F79EFBC}") = "ImageServiceWeb", "ImageServiceWeb\ImageServiceWeb.csproj", "{F9C49A73-C017-4262-8F32-CFD32CF8CE71}"
EndProject
Global
	GlobalSection(SolutionConfigurationPlatforms) = preSolution
		Debug|Any CPU = Debug|Any CPU
		Release|Any CPU = Release|Any CPU
	EndGlobalSection
	GlobalSection(ProjectConfigurationPlatforms) = postSolution
		{157B569C-8EEE-4212-80CE-FA585844E50A}.Debug|Any CPU.ActiveCfg = Debug|Any CPU
		{157B569C-8EEE-4212-80CE-FA585844E50A}.Debug|Any CPU.Build.0 = Debug|Any CPU
		{157B569C-8EEE-4212-80CE-FA585844E50A}.Release|Any CPU.ActiveCfg = Release|Any CPU
		{157B569C-8EEE-4212-80CE-FA585844E50A}.Release|Any CPU.Build.0 = Release|Any CPU
		{F41C49E6-11E8-4BC9-B2A8-B41D8E35219E}.Debug|Any CPU.ActiveCfg = Debug|Any CPU
		{F41C49E6-11E8-4BC9-B2A8-B41D8E35219E}.Debug|Any CPU.Build.0 = Debug|Any CPU
		{F41C49E6-11E8-4BC9-B2A8-B41D8E35219E}.Release|Any CPU.ActiveCfg = Release|Any CPU
		{F41C49E6-11E8-4BC9-B2A8-B41D8E35219E}.Release|Any CPU.Build.0 = Release|Any CPU
		{F8DC96EB-8715-4094-91B4-F6EEEA83152B}.Debug|Any CPU.ActiveCfg = Debug|Any CPU
		{F8DC96EB-8715-4094-91B4-F6EEEA83152B}.Debug|Any CPU.Build.0 = Debug|Any CPU
		{F8DC96EB-8715-4094-91B4-F6EEEA83152B}.Release|Any CPU.ActiveCfg = Release|Any CPU
		{F8DC96EB-8715-4094-91B4-F6EEEA83152B}.Release|Any CPU.Build.0 = Release|Any CPU
		{799D142C-D454-4283-A124-B7962744D10E}.Debug|Any CPU.ActiveCfg = Debug|Any CPU
		{799D142C-D454-4283-A124-B7962744D10E}.Debug|Any CPU.Build.0 = Debug|Any CPU
		{799D142C-D454-4283-A124-B7962744D10E}.Release|Any CPU.ActiveCfg = Release|Any CPU
		{799D142C-D454-4283-A124-B7962744D10E}.Release|Any CPU.Build.0 = Release|Any CPU
		{F9C49A73-C017-4262-8F32-CFD32CF8CE71}.Debug|Any CPU.ActiveCfg = Debug|Any CPU
		{F9C49A73-C017-4262-8F32-CFD32CF8CE71}.Debug|Any CPU.Build.0 = Debug|Any CPU
		{F9C49A73-C017-4262-8F32-CFD32CF8CE71}.Release|Any CPU.ActiveCfg = Release|Any CPU
		{F9C49A73-C017-4262-8F32-CFD32CF8CE71}.Release|Any CPU.Build.0 = Release|Any CPU
	EndGlobalSection
	GlobalSection(SolutionProperties) = preSolution
		HideSolutionNode = FALSE
	EndGlobalSection
EndGlobal
